
Microsoft Visual Studio Solution File, Format Version 12.00
# Visual Studio Version 16
VisualStudioVersion = 16.0.32413.511
MinimumVisualStudioVersion = 10.0.40219.1
Project("{FAE04EC0-301F-11D3-BF4B-00C04F79EFBC}") = "Guia clase 8", "Guia clase 8\Guia clase 8.csproj", "{258AB22E-9765-4DBA-9D1B-3A388A878057}"
EndProject
Global
	GlobalSection(SolutionConfigurationPlatforms) = preSolution
		Debug|Any CPU = Debug|Any CPU
		Release|Any CPU = Release|Any CPU
	EndGlobalSection
	GlobalSection(ProjectConfigurationPlatforms) = postSolution
		{258AB22E-9765-4DBA-9D1B-3A388A878057}.Debug|Any CPU.ActiveCfg = Debug|Any CPU
		{258AB22E-9765-4DBA-9D1B-3A388A878057}.Debug|Any CPU.Build.0 = Debug|Any CPU
		{258AB22E-9765-4DBA-9D1B-3A388A878057}.Release|Any CPU.ActiveCfg = Release|Any CPU
		{258AB22E-9765-4DBA-9D1B-3A388A878057}.Release|Any CPU.Build.0 = Release|Any CPU
	EndGlobalSection
	GlobalSection(SolutionProperties) = preSolution
		HideSolutionNode = FALSE
	EndGlobalSection
	GlobalSection(ExtensibilityGlobals) = postSolution
		SolutionGuid = {A1C8AE90-605C-4708-B8FD-E1C9A304CB80}
	EndGlobalSection
EndGlobal
